// !$*UTF8*$!
{
	archiveVersion = 1;
	classes = {
	};
	objectVersion = 60;
	objects = {

/* Begin PBXBuildFile section */
		8B128DBD2C2ECA400063F7A6 /* Interface.storyboard in Resources */ = {isa = PBXBuildFile; fileRef = 8B128DBC2C2ECA400063F7A6 /* Interface.storyboard */; };
		8B128DC22C2ECAEE0063F7A6 /* HomeViewController.swift in Sources */ = {isa = PBXBuildFile; fileRef = 8B128DC12C2ECAEE0063F7A6 /* HomeViewController.swift */; };
		8B128DC82C2ECD0A0063F7A6 /* Poppins-ExtraBold.ttf in Resources */ = {isa = PBXBuildFile; fileRef = 8B128DC42C2ECD0A0063F7A6 /* Poppins-ExtraBold.ttf */; };
		8B128DC92C2ECD0A0063F7A6 /* Poppins-Regular.ttf in Resources */ = {isa = PBXBuildFile; fileRef = 8B128DC62C2ECD0A0063F7A6 /* Poppins-Regular.ttf */; };
		8B128DCA2C2ECD0A0063F7A6 /* Poppins-SemiBold.ttf in Resources */ = {isa = PBXBuildFile; fileRef = 8B128DC72C2ECD0A0063F7A6 /* Poppins-SemiBold.ttf */; };
		8B128DCB2C2ECD0A0063F7A6 /* Poppins-Bold.ttf in Resources */ = {isa = PBXBuildFile; fileRef = 8B128DC32C2ECD0A0063F7A6 /* Poppins-Bold.ttf */; };
		8B128DCC2C2ECD0A0063F7A6 /* Poppins-Medium.ttf in Resources */ = {isa = PBXBuildFile; fileRef = 8B128DC52C2ECD0A0063F7A6 /* Poppins-Medium.ttf */; };
		8B128DCE2C2F35620063F7A6 /* AboutBluetoothDeviceViewController.swift in Sources */ = {isa = PBXBuildFile; fileRef = 8B128DCD2C2F35620063F7A6 /* AboutBluetoothDeviceViewController.swift */; };
		8B128DD12C2F35C40063F7A6 /* FoundBluetoothDeviceTableViewCell.swift in Sources */ = {isa = PBXBuildFile; fileRef = 8B128DD02C2F35C40063F7A6 /* FoundBluetoothDeviceTableViewCell.swift */; };
		8B128DD32C2F478F0063F7A6 /* FavoriteDevisesViewController.swift in Sources */ = {isa = PBXBuildFile; fileRef = 8B128DD22C2F478F0063F7A6 /* FavoriteDevisesViewController.swift */; };
		8B859DDB2C2D3BD900D61B3F /* AppDelegate.swift in Sources */ = {isa = PBXBuildFile; fileRef = 8B859DDA2C2D3BD900D61B3F /* AppDelegate.swift */; };
		8B859DDD2C2D3BD900D61B3F /* SceneDelegate.swift in Sources */ = {isa = PBXBuildFile; fileRef = 8B859DDC2C2D3BD900D61B3F /* SceneDelegate.swift */; };
		8B859DDF2C2D3BD900D61B3F /* FirstSplashScreen.swift in Sources */ = {isa = PBXBuildFile; fileRef = 8B859DDE2C2D3BD900D61B3F /* FirstSplashScreen.swift */; };
		8B859DE22C2D3BD900D61B3F /* Base in Resources */ = {isa = PBXBuildFile; fileRef = 8B859DE12C2D3BD900D61B3F /* Base */; };
		8B859DE42C2D3BDA00D61B3F /* Assets.xcassets in Resources */ = {isa = PBXBuildFile; fileRef = 8B859DE32C2D3BDA00D61B3F /* Assets.xcassets */; };
		8B859DE72C2D3BDA00D61B3F /* Base in Resources */ = {isa = PBXBuildFile; fileRef = 8B859DE62C2D3BDA00D61B3F /* Base */; };
		8B859DF22C2D3BDA00D61B3F /* Find_lost_podsTests.swift in Sources */ = {isa = PBXBuildFile; fileRef = 8B859DF12C2D3BDA00D61B3F /* Find_lost_podsTests.swift */; };
		8B859DFC2C2D3BDA00D61B3F /* Find_lost_podsUITests.swift in Sources */ = {isa = PBXBuildFile; fileRef = 8B859DFB2C2D3BDA00D61B3F /* Find_lost_podsUITests.swift */; };
		8B859DFE2C2D3BDA00D61B3F /* Find_lost_podsUITestsLaunchTests.swift in Sources */ = {isa = PBXBuildFile; fileRef = 8B859DFD2C2D3BDA00D61B3F /* Find_lost_podsUITestsLaunchTests.swift */; };
		8B859E0F2C2D41D500D61B3F /* GradientView.swift in Sources */ = {isa = PBXBuildFile; fileRef = 8B859E0E2C2D41D500D61B3F /* GradientView.swift */; };
		8B859E122C2D5E3E00D61B3F /* Inter-VariableFont_slnt,wght.ttf in Resources */ = {isa = PBXBuildFile; fileRef = 8B859E112C2D5E3E00D61B3F /* Inter-VariableFont_slnt,wght.ttf */; };
		8B859E152C2D6A0600D61B3F /* SplashViewController.swift in Sources */ = {isa = PBXBuildFile; fileRef = 8B859E142C2D6A0600D61B3F /* SplashViewController.swift */; };
		8B859E192C2D776300D61B3F /* SecondSplashScreen.swift in Sources */ = {isa = PBXBuildFile; fileRef = 8B859E182C2D776300D61B3F /* SecondSplashScreen.swift */; };
		8B859E1B2C2D9B4400D61B3F /* ThirdSplashScreen.swift in Sources */ = {isa = PBXBuildFile; fileRef = 8B859E1A2C2D9B4400D61B3F /* ThirdSplashScreen.swift */; };
		8B859E1D2C2D9C6400D61B3F /* FortySplashScreen.swift in Sources */ = {isa = PBXBuildFile; fileRef = 8B859E1C2C2D9C6400D61B3F /* FortySplashScreen.swift */; };
		8B859E1F2C2DC3AC00D61B3F /* FreeTrialViewConroller.swift in Sources */ = {isa = PBXBuildFile; fileRef = 8B859E1E2C2DC3AC00D61B3F /* FreeTrialViewConroller.swift */; };
		8B859E212C2DF57300D61B3F /* PayWallViewController.swift in Sources */ = {isa = PBXBuildFile; fileRef = 8B859E202C2DF57300D61B3F /* PayWallViewController.swift */; };
/* End PBXBuildFile section */

/* Begin PBXContainerItemProxy section */
		8B859DEE2C2D3BDA00D61B3F /* PBXContainerItemProxy */ = {
			isa = PBXContainerItemProxy;
			containerPortal = 8B859DCF2C2D3BD900D61B3F /* Project object */;
			proxyType = 1;
			remoteGlobalIDString = 8B859DD62C2D3BD900D61B3F;
			remoteInfo = "Find-lost-pods";
		};
		8B859DF82C2D3BDA00D61B3F /* PBXContainerItemProxy */ = {
			isa = PBXContainerItemProxy;
			containerPortal = 8B859DCF2C2D3BD900D61B3F /* Project object */;
			proxyType = 1;
			remoteGlobalIDString = 8B859DD62C2D3BD900D61B3F;
			remoteInfo = "Find-lost-pods";
		};
/* End PBXContainerItemProxy section */

/* Begin PBXFileReference section */
		8B128DBC2C2ECA400063F7A6 /* Interface.storyboard */ = {isa = PBXFileReference; lastKnownFileType = file.storyboard; path = Interface.storyboard; sourceTree = "<group>"; };
		8B128DC12C2ECAEE0063F7A6 /* HomeViewController.swift */ = {isa = PBXFileReference; lastKnownFileType = sourcecode.swift; path = HomeViewController.swift; sourceTree = "<group>"; };
		8B128DC32C2ECD0A0063F7A6 /* Poppins-Bold.ttf */ = {isa = PBXFileReference; lastKnownFileType = file; path = "Poppins-Bold.ttf"; sourceTree = "<group>"; };
		8B128DC42C2ECD0A0063F7A6 /* Poppins-ExtraBold.ttf */ = {isa = PBXFileReference; lastKnownFileType = file; path = "Poppins-ExtraBold.ttf"; sourceTree = "<group>"; };
		8B128DC52C2ECD0A0063F7A6 /* Poppins-Medium.ttf */ = {isa = PBXFileReference; lastKnownFileType = file; path = "Poppins-Medium.ttf"; sourceTree = "<group>"; };
		8B128DC62C2ECD0A0063F7A6 /* Poppins-Regular.ttf */ = {isa = PBXFileReference; lastKnownFileType = file; path = "Poppins-Regular.ttf"; sourceTree = "<group>"; };
		8B128DC72C2ECD0A0063F7A6 /* Poppins-SemiBold.ttf */ = {isa = PBXFileReference; lastKnownFileType = file; path = "Poppins-SemiBold.ttf"; sourceTree = "<group>"; };
		8B128DCD2C2F35620063F7A6 /* AboutBluetoothDeviceViewController.swift */ = {isa = PBXFileReference; lastKnownFileType = sourcecode.swift; path = AboutBluetoothDeviceViewController.swift; sourceTree = "<group>"; };
		8B128DD02C2F35C40063F7A6 /* FoundBluetoothDeviceTableViewCell.swift */ = {isa = PBXFileReference; lastKnownFileType = sourcecode.swift; path = FoundBluetoothDeviceTableViewCell.swift; sourceTree = "<group>"; };
		8B128DD22C2F478F0063F7A6 /* FavoriteDevisesViewController.swift */ = {isa = PBXFileReference; lastKnownFileType = sourcecode.swift; path = FavoriteDevisesViewController.swift; sourceTree = "<group>"; };
		8B859DD72C2D3BD900D61B3F /* Find-lost-pods.app */ = {isa = PBXFileReference; explicitFileType = wrapper.application; includeInIndex = 0; path = "Find-lost-pods.app"; sourceTree = BUILT_PRODUCTS_DIR; };
		8B859DDA2C2D3BD900D61B3F /* AppDelegate.swift */ = {isa = PBXFileReference; lastKnownFileType = sourcecode.swift; path = AppDelegate.swift; sourceTree = "<group>"; };
		8B859DDC2C2D3BD900D61B3F /* SceneDelegate.swift */ = {isa = PBXFileReference; lastKnownFileType = sourcecode.swift; path = SceneDelegate.swift; sourceTree = "<group>"; };
		8B859DDE2C2D3BD900D61B3F /* FirstSplashScreen.swift */ = {isa = PBXFileReference; lastKnownFileType = sourcecode.swift; path = FirstSplashScreen.swift; sourceTree = "<group>"; };
		8B859DE12C2D3BD900D61B3F /* Base */ = {isa = PBXFileReference; lastKnownFileType = file.storyboard; name = Base; path = Base.lproj/Main.storyboard; sourceTree = "<group>"; };
		8B859DE32C2D3BDA00D61B3F /* Assets.xcassets */ = {isa = PBXFileReference; lastKnownFileType = folder.assetcatalog; path = Assets.xcassets; sourceTree = "<group>"; };
		8B859DE62C2D3BDA00D61B3F /* Base */ = {isa = PBXFileReference; lastKnownFileType = file.storyboard; name = Base; path = Base.lproj/LaunchScreen.storyboard; sourceTree = "<group>"; };
		8B859DE82C2D3BDA00D61B3F /* Info.plist */ = {isa = PBXFileReference; lastKnownFileType = text.plist.xml; path = Info.plist; sourceTree = "<group>"; };
		8B859DED2C2D3BDA00D61B3F /* Find-lost-podsTests.xctest */ = {isa = PBXFileReference; explicitFileType = wrapper.cfbundle; includeInIndex = 0; path = "Find-lost-podsTests.xctest"; sourceTree = BUILT_PRODUCTS_DIR; };
		8B859DF12C2D3BDA00D61B3F /* Find_lost_podsTests.swift */ = {isa = PBXFileReference; lastKnownFileType = sourcecode.swift; path = Find_lost_podsTests.swift; sourceTree = "<group>"; };
		8B859DF72C2D3BDA00D61B3F /* Find-lost-podsUITests.xctest */ = {isa = PBXFileReference; explicitFileType = wrapper.cfbundle; includeInIndex = 0; path = "Find-lost-podsUITests.xctest"; sourceTree = BUILT_PRODUCTS_DIR; };
		8B859DFB2C2D3BDA00D61B3F /* Find_lost_podsUITests.swift */ = {isa = PBXFileReference; lastKnownFileType = sourcecode.swift; path = Find_lost_podsUITests.swift; sourceTree = "<group>"; };
		8B859DFD2C2D3BDA00D61B3F /* Find_lost_podsUITestsLaunchTests.swift */ = {isa = PBXFileReference; lastKnownFileType = sourcecode.swift; path = Find_lost_podsUITestsLaunchTests.swift; sourceTree = "<group>"; };
		8B859E0E2C2D41D500D61B3F /* GradientView.swift */ = {isa = PBXFileReference; lastKnownFileType = sourcecode.swift; path = GradientView.swift; sourceTree = "<group>"; };
		8B859E112C2D5E3E00D61B3F /* Inter-VariableFont_slnt,wght.ttf */ = {isa = PBXFileReference; lastKnownFileType = file; path = "Inter-VariableFont_slnt,wght.ttf"; sourceTree = "<group>"; };
		8B859E142C2D6A0600D61B3F /* SplashViewController.swift */ = {isa = PBXFileReference; lastKnownFileType = sourcecode.swift; path = SplashViewController.swift; sourceTree = "<group>"; };
		8B859E182C2D776300D61B3F /* SecondSplashScreen.swift */ = {isa = PBXFileReference; lastKnownFileType = sourcecode.swift; path = SecondSplashScreen.swift; sourceTree = "<group>"; };
		8B859E1A2C2D9B4400D61B3F /* ThirdSplashScreen.swift */ = {isa = PBXFileReference; lastKnownFileType = sourcecode.swift; path = ThirdSplashScreen.swift; sourceTree = "<group>"; };
		8B859E1C2C2D9C6400D61B3F /* FortySplashScreen.swift */ = {isa = PBXFileReference; lastKnownFileType = sourcecode.swift; path = FortySplashScreen.swift; sourceTree = "<group>"; };
		8B859E1E2C2DC3AC00D61B3F /* FreeTrialViewConroller.swift */ = {isa = PBXFileReference; lastKnownFileType = sourcecode.swift; path = FreeTrialViewConroller.swift; sourceTree = "<group>"; };
		8B859E202C2DF57300D61B3F /* PayWallViewController.swift */ = {isa = PBXFileReference; lastKnownFileType = sourcecode.swift; path = PayWallViewController.swift; sourceTree = "<group>"; };
/* End PBXFileReference section */

/* Begin PBXFrameworksBuildPhase section */
		8B859DD42C2D3BD900D61B3F /* Frameworks */ = {
			isa = PBXFrameworksBuildPhase;
			buildActionMask = 2147483647;
			files = (
			);
			runOnlyForDeploymentPostprocessing = 0;
		};
		8B859DEA2C2D3BDA00D61B3F /* Frameworks */ = {
			isa = PBXFrameworksBuildPhase;
			buildActionMask = 2147483647;
			files = (
			);
			runOnlyForDeploymentPostprocessing = 0;
		};
		8B859DF42C2D3BDA00D61B3F /* Frameworks */ = {
			isa = PBXFrameworksBuildPhase;
			buildActionMask = 2147483647;
			files = (
			);
			runOnlyForDeploymentPostprocessing = 0;
		};
/* End PBXFrameworksBuildPhase section */

/* Begin PBXGroup section */
		8B128DBE2C2ECA470063F7A6 /* SplashScreens */ = {
			isa = PBXGroup;
			children = (
				8B859DDE2C2D3BD900D61B3F /* FirstSplashScreen.swift */,
				8B859E142C2D6A0600D61B3F /* SplashViewController.swift */,
				8B859E182C2D776300D61B3F /* SecondSplashScreen.swift */,
				8B859E1A2C2D9B4400D61B3F /* ThirdSplashScreen.swift */,
				8B859E1C2C2D9C6400D61B3F /* FortySplashScreen.swift */,
			);
			path = SplashScreens;
			sourceTree = "<group>";
		};
		8B128DBF2C2ECA550063F7A6 /* PayWall */ = {
			isa = PBXGroup;
			children = (
				8B859E1E2C2DC3AC00D61B3F /* FreeTrialViewConroller.swift */,
				8B859E202C2DF57300D61B3F /* PayWallViewController.swift */,
			);
			path = PayWall;
			sourceTree = "<group>";
		};
		8B128DC02C2ECAD70063F7A6 /* Interface */ = {
			isa = PBXGroup;
			children = (
				8B128DCF2C2F35B90063F7A6 /* Cells */,
				8B128DC12C2ECAEE0063F7A6 /* HomeViewController.swift */,
				8B128DCD2C2F35620063F7A6 /* AboutBluetoothDeviceViewController.swift */,
				8B128DD22C2F478F0063F7A6 /* FavoriteDevisesViewController.swift */,
			);
			path = Interface;
			sourceTree = "<group>";
		};
		8B128DCF2C2F35B90063F7A6 /* Cells */ = {
			isa = PBXGroup;
			children = (
				8B128DD02C2F35C40063F7A6 /* FoundBluetoothDeviceTableViewCell.swift */,
			);
			path = Cells;
			sourceTree = "<group>";
		};
		8B859DCE2C2D3BD900D61B3F = {
			isa = PBXGroup;
			children = (
				8B859DD92C2D3BD900D61B3F /* Find-lost-pods */,
				8B859DF02C2D3BDA00D61B3F /* Find-lost-podsTests */,
				8B859DFA2C2D3BDA00D61B3F /* Find-lost-podsUITests */,
				8B859DD82C2D3BD900D61B3F /* Products */,
			);
			sourceTree = "<group>";
		};
		8B859DD82C2D3BD900D61B3F /* Products */ = {
			isa = PBXGroup;
			children = (
				8B859DD72C2D3BD900D61B3F /* Find-lost-pods.app */,
				8B859DED2C2D3BDA00D61B3F /* Find-lost-podsTests.xctest */,
				8B859DF72C2D3BDA00D61B3F /* Find-lost-podsUITests.xctest */,
			);
			name = Products;
			sourceTree = "<group>";
		};
		8B859DD92C2D3BD900D61B3F /* Find-lost-pods */ = {
			isa = PBXGroup;
			children = (
				8B859E132C2D69ED00D61B3F /* ViewControllers */,
				8B859E102C2D5E1D00D61B3F /* Fonts */,
				8B859E0B2C2D419200D61B3F /* Views */,
				8B859DDA2C2D3BD900D61B3F /* AppDelegate.swift */,
				8B859DDC2C2D3BD900D61B3F /* SceneDelegate.swift */,
				8B859DE32C2D3BDA00D61B3F /* Assets.xcassets */,
				8B859DE02C2D3BD900D61B3F /* Main.storyboard */,
				8B859DE52C2D3BDA00D61B3F /* LaunchScreen.storyboard */,
				8B859DE82C2D3BDA00D61B3F /* Info.plist */,
				8B128DBC2C2ECA400063F7A6 /* Interface.storyboard */,
			);
			path = "Find-lost-pods";
			sourceTree = "<group>";
		};
		8B859DF02C2D3BDA00D61B3F /* Find-lost-podsTests */ = {
			isa = PBXGroup;
			children = (
				8B859DF12C2D3BDA00D61B3F /* Find_lost_podsTests.swift */,
			);
			path = "Find-lost-podsTests";
			sourceTree = "<group>";
		};
		8B859DFA2C2D3BDA00D61B3F /* Find-lost-podsUITests */ = {
			isa = PBXGroup;
			children = (
				8B859DFB2C2D3BDA00D61B3F /* Find_lost_podsUITests.swift */,
				8B859DFD2C2D3BDA00D61B3F /* Find_lost_podsUITestsLaunchTests.swift */,
			);
			path = "Find-lost-podsUITests";
			sourceTree = "<group>";
		};
		8B859E0B2C2D419200D61B3F /* Views */ = {
			isa = PBXGroup;
			children = (
				8B859E0E2C2D41D500D61B3F /* GradientView.swift */,
			);
			path = Views;
			sourceTree = "<group>";
		};
		8B859E102C2D5E1D00D61B3F /* Fonts */ = {
			isa = PBXGroup;
			children = (
				8B859E112C2D5E3E00D61B3F /* Inter-VariableFont_slnt,wght.ttf */,
				8B128DC32C2ECD0A0063F7A6 /* Poppins-Bold.ttf */,
				8B128DC42C2ECD0A0063F7A6 /* Poppins-ExtraBold.ttf */,
				8B128DC52C2ECD0A0063F7A6 /* Poppins-Medium.ttf */,
				8B128DC62C2ECD0A0063F7A6 /* Poppins-Regular.ttf */,
				8B128DC72C2ECD0A0063F7A6 /* Poppins-SemiBold.ttf */,
			);
			path = Fonts;
			sourceTree = "<group>";
		};
		8B859E132C2D69ED00D61B3F /* ViewControllers */ = {
			isa = PBXGroup;
			children = (
				8B128DC02C2ECAD70063F7A6 /* Interface */,
				8B128DBF2C2ECA550063F7A6 /* PayWall */,
				8B128DBE2C2ECA470063F7A6 /* SplashScreens */,
			);
			path = ViewControllers;
			sourceTree = "<group>";
		};
/* End PBXGroup section */

/* Begin PBXNativeTarget section */
		8B859DD62C2D3BD900D61B3F /* Find-lost-pods */ = {
			isa = PBXNativeTarget;
			buildConfigurationList = 8B859E012C2D3BDA00D61B3F /* Build configuration list for PBXNativeTarget "Find-lost-pods" */;
			buildPhases = (
				8B859DD32C2D3BD900D61B3F /* Sources */,
				8B859DD42C2D3BD900D61B3F /* Frameworks */,
				8B859DD52C2D3BD900D61B3F /* Resources */,
			);
			buildRules = (
			);
			dependencies = (
			);
			name = "Find-lost-pods";
			productName = "Find-lost-pods";
			productReference = 8B859DD72C2D3BD900D61B3F /* Find-lost-pods.app */;
			productType = "com.apple.product-type.application";
		};
		8B859DEC2C2D3BDA00D61B3F /* Find-lost-podsTests */ = {
			isa = PBXNativeTarget;
			buildConfigurationList = 8B859E042C2D3BDA00D61B3F /* Build configuration list for PBXNativeTarget "Find-lost-podsTests" */;
			buildPhases = (
				8B859DE92C2D3BDA00D61B3F /* Sources */,
				8B859DEA2C2D3BDA00D61B3F /* Frameworks */,
				8B859DEB2C2D3BDA00D61B3F /* Resources */,
			);
			buildRules = (
			);
			dependencies = (
				8B859DEF2C2D3BDA00D61B3F /* PBXTargetDependency */,
			);
			name = "Find-lost-podsTests";
			productName = "Find-lost-podsTests";
			productReference = 8B859DED2C2D3BDA00D61B3F /* Find-lost-podsTests.xctest */;
			productType = "com.apple.product-type.bundle.unit-test";
		};
		8B859DF62C2D3BDA00D61B3F /* Find-lost-podsUITests */ = {
			isa = PBXNativeTarget;
			buildConfigurationList = 8B859E072C2D3BDA00D61B3F /* Build configuration list for PBXNativeTarget "Find-lost-podsUITests" */;
			buildPhases = (
				8B859DF32C2D3BDA00D61B3F /* Sources */,
				8B859DF42C2D3BDA00D61B3F /* Frameworks */,
				8B859DF52C2D3BDA00D61B3F /* Resources */,
			);
			buildRules = (
			);
			dependencies = (
				8B859DF92C2D3BDA00D61B3F /* PBXTargetDependency */,
			);
			name = "Find-lost-podsUITests";
			productName = "Find-lost-podsUITests";
			productReference = 8B859DF72C2D3BDA00D61B3F /* Find-lost-podsUITests.xctest */;
			productType = "com.apple.product-type.bundle.ui-testing";
		};
/* End PBXNativeTarget section */

/* Begin PBXProject section */
		8B859DCF2C2D3BD900D61B3F /* Project object */ = {
			isa = PBXProject;
			attributes = {
				BuildIndependentTargetsInParallel = 1;
				LastSwiftUpdateCheck = 1600;
				LastUpgradeCheck = 1600;
				TargetAttributes = {
					8B859DD62C2D3BD900D61B3F = {
						CreatedOnToolsVersion = 16.0;
					};
					8B859DEC2C2D3BDA00D61B3F = {
						CreatedOnToolsVersion = 16.0;
						TestTargetID = 8B859DD62C2D3BD900D61B3F;
					};
					8B859DF62C2D3BDA00D61B3F = {
						CreatedOnToolsVersion = 16.0;
						TestTargetID = 8B859DD62C2D3BD900D61B3F;
					};
				};
			};
			buildConfigurationList = 8B859DD22C2D3BD900D61B3F /* Build configuration list for PBXProject "Find-lost-pods" */;
			compatibilityVersion = "Xcode 15.0";
			developmentRegion = en;
			hasScannedForEncodings = 0;
			knownRegions = (
				en,
				Base,
			);
			mainGroup = 8B859DCE2C2D3BD900D61B3F;
			productRefGroup = 8B859DD82C2D3BD900D61B3F /* Products */;
			projectDirPath = "";
			projectRoot = "";
			targets = (
				8B859DD62C2D3BD900D61B3F /* Find-lost-pods */,
				8B859DEC2C2D3BDA00D61B3F /* Find-lost-podsTests */,
				8B859DF62C2D3BDA00D61B3F /* Find-lost-podsUITests */,
			);
		};
/* End PBXProject section */

/* Begin PBXResourcesBuildPhase section */
		8B859DD52C2D3BD900D61B3F /* Resources */ = {
			isa = PBXResourcesBuildPhase;
			buildActionMask = 2147483647;
			files = (
				8B128DC82C2ECD0A0063F7A6 /* Poppins-ExtraBold.ttf in Resources */,
				8B128DC92C2ECD0A0063F7A6 /* Poppins-Regular.ttf in Resources */,
				8B128DCA2C2ECD0A0063F7A6 /* Poppins-SemiBold.ttf in Resources */,
				8B128DCB2C2ECD0A0063F7A6 /* Poppins-Bold.ttf in Resources */,
				8B128DCC2C2ECD0A0063F7A6 /* Poppins-Medium.ttf in Resources */,
				8B859E122C2D5E3E00D61B3F /* Inter-VariableFont_slnt,wght.ttf in Resources */,
				8B859DE42C2D3BDA00D61B3F /* Assets.xcassets in Resources */,
				8B859DE72C2D3BDA00D61B3F /* Base in Resources */,
				8B128DBD2C2ECA400063F7A6 /* Interface.storyboard in Resources */,
				8B859DE22C2D3BD900D61B3F /* Base in Resources */,
			);
			runOnlyForDeploymentPostprocessing = 0;
		};
		8B859DEB2C2D3BDA00D61B3F /* Resources */ = {
			isa = PBXResourcesBuildPhase;
			buildActionMask = 2147483647;
			files = (
			);
			runOnlyForDeploymentPostprocessing = 0;
		};
		8B859DF52C2D3BDA00D61B3F /* Resources */ = {
			isa = PBXResourcesBuildPhase;
			buildActionMask = 2147483647;
			files = (
			);
			runOnlyForDeploymentPostprocessing = 0;
		};
/* End PBXResourcesBuildPhase section */

/* Begin PBXSourcesBuildPhase section */
		8B859DD32C2D3BD900D61B3F /* Sources */ = {
			isa = PBXSourcesBuildPhase;
			buildActionMask = 2147483647;
			files = (
				8B859DDF2C2D3BD900D61B3F /* FirstSplashScreen.swift in Sources */,
				8B859E1D2C2D9C6400D61B3F /* FortySplashScreen.swift in Sources */,
				8B128DD32C2F478F0063F7A6 /* FavoriteDevisesViewController.swift in Sources */,
				8B859DDB2C2D3BD900D61B3F /* AppDelegate.swift in Sources */,
				8B128DCE2C2F35620063F7A6 /* AboutBluetoothDeviceViewController.swift in Sources */,
				8B859E192C2D776300D61B3F /* SecondSplashScreen.swift in Sources */,
				8B859E1B2C2D9B4400D61B3F /* ThirdSplashScreen.swift in Sources */,
				8B128DD12C2F35C40063F7A6 /* FoundBluetoothDeviceTableViewCell.swift in Sources */,
				8B859E0F2C2D41D500D61B3F /* GradientView.swift in Sources */,
				8B859E1F2C2DC3AC00D61B3F /* FreeTrialViewConroller.swift in Sources */,
				8B128DC22C2ECAEE0063F7A6 /* HomeViewController.swift in Sources */,
				8B859DDD2C2D3BD900D61B3F /* SceneDelegate.swift in Sources */,
				8B859E152C2D6A0600D61B3F /* SplashViewController.swift in Sources */,
				8B859E212C2DF57300D61B3F /* PayWallViewController.swift in Sources */,
			);
			runOnlyForDeploymentPostprocessing = 0;
		};
		8B859DE92C2D3BDA00D61B3F /* Sources */ = {
			isa = PBXSourcesBuildPhase;
			buildActionMask = 2147483647;
			files = (
				8B859DF22C2D3BDA00D61B3F /* Find_lost_podsTests.swift in Sources */,
			);
			runOnlyForDeploymentPostprocessing = 0;
		};
		8B859DF32C2D3BDA00D61B3F /* Sources */ = {
			isa = PBXSourcesBuildPhase;
			buildActionMask = 2147483647;
			files = (
				8B859DFC2C2D3BDA00D61B3F /* Find_lost_podsUITests.swift in Sources */,
				8B859DFE2C2D3BDA00D61B3F /* Find_lost_podsUITestsLaunchTests.swift in Sources */,
			);
			runOnlyForDeploymentPostprocessing = 0;
		};
/* End PBXSourcesBuildPhase section */

/* Begin PBXTargetDependency section */
		8B859DEF2C2D3BDA00D61B3F /* PBXTargetDependency */ = {
			isa = PBXTargetDependency;
			target = 8B859DD62C2D3BD900D61B3F /* Find-lost-pods */;
			targetProxy = 8B859DEE2C2D3BDA00D61B3F /* PBXContainerItemProxy */;
		};
		8B859DF92C2D3BDA00D61B3F /* PBXTargetDependency */ = {
			isa = PBXTargetDependency;
			target = 8B859DD62C2D3BD900D61B3F /* Find-lost-pods */;
			targetProxy = 8B859DF82C2D3BDA00D61B3F /* PBXContainerItemProxy */;
		};
/* End PBXTargetDependency section */

/* Begin PBXVariantGroup section */
		8B859DE02C2D3BD900D61B3F /* Main.storyboard */ = {
			isa = PBXVariantGroup;
			children = (
				8B859DE12C2D3BD900D61B3F /* Base */,
			);
			name = Main.storyboard;
			sourceTree = "<group>";
		};
		8B859DE52C2D3BDA00D61B3F /* LaunchScreen.storyboard */ = {
			isa = PBXVariantGroup;
			children = (
				8B859DE62C2D3BDA00D61B3F /* Base */,
			);
			name = LaunchScreen.storyboard;
			sourceTree = "<group>";
		};
/* End PBXVariantGroup section */

/* Begin XCBuildConfiguration section */
		8B859DFF2C2D3BDA00D61B3F /* Debug */ = {
			isa = XCBuildConfiguration;
			buildSettings = {
				ALWAYS_SEARCH_USER_PATHS = NO;
				ASSETCATALOG_COMPILER_GENERATE_SWIFT_ASSET_SYMBOL_EXTENSIONS = YES;
				CLANG_ANALYZER_NONNULL = YES;
				CLANG_ANALYZER_NUMBER_OBJECT_CONVERSION = YES_AGGRESSIVE;
				CLANG_CXX_LANGUAGE_STANDARD = "gnu++20";
				CLANG_ENABLE_MODULES = YES;
				CLANG_ENABLE_OBJC_ARC = YES;
				CLANG_ENABLE_OBJC_WEAK = YES;
				CLANG_WARN_BLOCK_CAPTURE_AUTORELEASING = YES;
				CLANG_WARN_BOOL_CONVERSION = YES;
				CLANG_WARN_COMMA = YES;
				CLANG_WARN_CONSTANT_CONVERSION = YES;
				CLANG_WARN_DEPRECATED_OBJC_IMPLEMENTATIONS = YES;
				CLANG_WARN_DIRECT_OBJC_ISA_USAGE = YES_ERROR;
				CLANG_WARN_DOCUMENTATION_COMMENTS = YES;
				CLANG_WARN_EMPTY_BODY = YES;
				CLANG_WARN_ENUM_CONVERSION = YES;
				CLANG_WARN_INFINITE_RECURSION = YES;
				CLANG_WARN_INT_CONVERSION = YES;
				CLANG_WARN_NON_LITERAL_NULL_CONVERSION = YES;
				CLANG_WARN_OBJC_IMPLICIT_RETAIN_SELF = YES;
				CLANG_WARN_OBJC_LITERAL_CONVERSION = YES;
				CLANG_WARN_OBJC_ROOT_CLASS = YES_ERROR;
				CLANG_WARN_QUOTED_INCLUDE_IN_FRAMEWORK_HEADER = YES;
				CLANG_WARN_RANGE_LOOP_ANALYSIS = YES;
				CLANG_WARN_STRICT_PROTOTYPES = YES;
				CLANG_WARN_SUSPICIOUS_MOVE = YES;
				CLANG_WARN_UNGUARDED_AVAILABILITY = YES_AGGRESSIVE;
				CLANG_WARN_UNREACHABLE_CODE = YES;
				CLANG_WARN__DUPLICATE_METHOD_MATCH = YES;
				COPY_PHASE_STRIP = NO;
				DEBUG_INFORMATION_FORMAT = dwarf;
				ENABLE_STRICT_OBJC_MSGSEND = YES;
				ENABLE_TESTABILITY = YES;
				ENABLE_USER_SCRIPT_SANDBOXING = YES;
				GCC_C_LANGUAGE_STANDARD = gnu17;
				GCC_DYNAMIC_NO_PIC = NO;
				GCC_NO_COMMON_BLOCKS = YES;
				GCC_OPTIMIZATION_LEVEL = 0;
				GCC_PREPROCESSOR_DEFINITIONS = (
					"DEBUG=1",
					"$(inherited)",
				);
				GCC_WARN_64_TO_32_BIT_CONVERSION = YES;
				GCC_WARN_ABOUT_RETURN_TYPE = YES_ERROR;
				GCC_WARN_UNDECLARED_SELECTOR = YES;
				GCC_WARN_UNINITIALIZED_AUTOS = YES_AGGRESSIVE;
				GCC_WARN_UNUSED_FUNCTION = YES;
				GCC_WARN_UNUSED_VARIABLE = YES;
				IPHONEOS_DEPLOYMENT_TARGET = 18.0;
				LOCALIZATION_PREFERS_STRING_CATALOGS = YES;
				MTL_ENABLE_DEBUG_INFO = INCLUDE_SOURCE;
				MTL_FAST_MATH = YES;
				ONLY_ACTIVE_ARCH = YES;
				SDKROOT = iphoneos;
				SWIFT_ACTIVE_COMPILATION_CONDITIONS = "DEBUG $(inherited)";
				SWIFT_OPTIMIZATION_LEVEL = "-Onone";
			};
			name = Debug;
		};
		8B859E002C2D3BDA00D61B3F /* Release */ = {
			isa = XCBuildConfiguration;
			buildSettings = {
				ALWAYS_SEARCH_USER_PATHS = NO;
				ASSETCATALOG_COMPILER_GENERATE_SWIFT_ASSET_SYMBOL_EXTENSIONS = YES;
				CLANG_ANALYZER_NONNULL = YES;
				CLANG_ANALYZER_NUMBER_OBJECT_CONVERSION = YES_AGGRESSIVE;
				CLANG_CXX_LANGUAGE_STANDARD = "gnu++20";
				CLANG_ENABLE_MODULES = YES;
				CLANG_ENABLE_OBJC_ARC = YES;
				CLANG_ENABLE_OBJC_WEAK = YES;
				CLANG_WARN_BLOCK_CAPTURE_AUTORELEASING = YES;
				CLANG_WARN_BOOL_CONVERSION = YES;
				CLANG_WARN_COMMA = YES;
				CLANG_WARN_CONSTANT_CONVERSION = YES;
				CLANG_WARN_DEPRECATED_OBJC_IMPLEMENTATIONS = YES;
				CLANG_WARN_DIRECT_OBJC_ISA_USAGE = YES_ERROR;
				CLANG_WARN_DOCUMENTATION_COMMENTS = YES;
				CLANG_WARN_EMPTY_BODY = YES;
				CLANG_WARN_ENUM_CONVERSION = YES;
				CLANG_WARN_INFINITE_RECURSION = YES;
				CLANG_WARN_INT_CONVERSION = YES;
				CLANG_WARN_NON_LITERAL_NULL_CONVERSION = YES;
				CLANG_WARN_OBJC_IMPLICIT_RETAIN_SELF = YES;
				CLANG_WARN_OBJC_LITERAL_CONVERSION = YES;
				CLANG_WARN_OBJC_ROOT_CLASS = YES_ERROR;
				CLANG_WARN_QUOTED_INCLUDE_IN_FRAMEWORK_HEADER = YES;
				CLANG_WARN_RANGE_LOOP_ANALYSIS = YES;
				CLANG_WARN_STRICT_PROTOTYPES = YES;
				CLANG_WARN_SUSPICIOUS_MOVE = YES;
				CLANG_WARN_UNGUARDED_AVAILABILITY = YES_AGGRESSIVE;
				CLANG_WARN_UNREACHABLE_CODE = YES;
				CLANG_WARN__DUPLICATE_METHOD_MATCH = YES;
				COPY_PHASE_STRIP = NO;
				DEBUG_INFORMATION_FORMAT = "dwarf-with-dsym";
				ENABLE_NS_ASSERTIONS = NO;
				ENABLE_STRICT_OBJC_MSGSEND = YES;
				ENABLE_USER_SCRIPT_SANDBOXING = YES;
				GCC_C_LANGUAGE_STANDARD = gnu17;
				GCC_NO_COMMON_BLOCKS = YES;
				GCC_WARN_64_TO_32_BIT_CONVERSION = YES;
				GCC_WARN_ABOUT_RETURN_TYPE = YES_ERROR;
				GCC_WARN_UNDECLARED_SELECTOR = YES;
				GCC_WARN_UNINITIALIZED_AUTOS = YES_AGGRESSIVE;
				GCC_WARN_UNUSED_FUNCTION = YES;
				GCC_WARN_UNUSED_VARIABLE = YES;
				IPHONEOS_DEPLOYMENT_TARGET = 18.0;
				LOCALIZATION_PREFERS_STRING_CATALOGS = YES;
				MTL_ENABLE_DEBUG_INFO = NO;
				MTL_FAST_MATH = YES;
				SDKROOT = iphoneos;
				SWIFT_COMPILATION_MODE = wholemodule;
				VALIDATE_PRODUCT = YES;
			};
			name = Release;
		};
		8B859E022C2D3BDA00D61B3F /* Debug */ = {
			isa = XCBuildConfiguration;
			buildSettings = {
				ASSETCATALOG_COMPILER_APPICON_NAME = AppIcon;
				ASSETCATALOG_COMPILER_GLOBAL_ACCENT_COLOR_NAME = AccentColor;
				CODE_SIGN_STYLE = Automatic;
				CURRENT_PROJECT_VERSION = 1;
				GENERATE_INFOPLIST_FILE = YES;
				INFOPLIST_FILE = "Find-lost-pods/Info.plist";
				INFOPLIST_KEY_NSBluetoothAlwaysUsageDescription = "Allow \"Find Lost Pods - My Tracker\" to find Bluetooth devices. Our app uses bluetooth to find, connect and transfer data between different devices. ";
				INFOPLIST_KEY_NSLocationAlwaysUsageDescription = "We use your location to show you on the map";
				INFOPLIST_KEY_NSLocationWhenInUseUsageDescription = "We use your location to show you on the map";
				INFOPLIST_KEY_UIApplicationSupportsIndirectInputEvents = YES;
				INFOPLIST_KEY_UILaunchStoryboardName = LaunchScreen;
				INFOPLIST_KEY_UIMainStoryboardFile = Main;
				INFOPLIST_KEY_UISupportedInterfaceOrientations_iPad = "UIInterfaceOrientationPortrait UIInterfaceOrientationPortraitUpsideDown UIInterfaceOrientationLandscapeLeft UIInterfaceOrientationLandscapeRight";
				INFOPLIST_KEY_UISupportedInterfaceOrientations_iPhone = "UIInterfaceOrientationPortrait UIInterfaceOrientationLandscapeLeft UIInterfaceOrientationLandscapeRight";
				LD_RUNPATH_SEARCH_PATHS = (
					"$(inherited)",
					"@executable_path/Frameworks",
				);
				MARKETING_VERSION = 1.0;
				PRODUCT_BUNDLE_IDENTIFIER = "com.Dymytrov.Find-lost-pods";
				PRODUCT_NAME = "$(TARGET_NAME)";
				SWIFT_EMIT_LOC_STRINGS = YES;
				SWIFT_VERSION = 5.0;
				TARGETED_DEVICE_FAMILY = "1,2";
			};
			name = Debug;
		};
		8B859E032C2D3BDA00D61B3F /* Release */ = {
			isa = XCBuildConfiguration;
			buildSettings = {
				ASSETCATALOG_COMPILER_APPICON_NAME = AppIcon;
				ASSETCATALOG_COMPILER_GLOBAL_ACCENT_COLOR_NAME = AccentColor;
				CODE_SIGN_STYLE = Automatic;
				CURRENT_PROJECT_VERSION = 1;
				GENERATE_INFOPLIST_FILE = YES;
				INFOPLIST_FILE = "Find-lost-pods/Info.plist";
				INFOPLIST_KEY_NSBluetoothAlwaysUsageDescription = "Allow \"Find Lost Pods - My Tracker\" to find Bluetooth devices. Our app uses bluetooth to find, connect and transfer data between different devices. ";
				INFOPLIST_KEY_NSLocationAlwaysUsageDescription = "We use your location to show you on the map";
				INFOPLIST_KEY_NSLocationWhenInUseUsageDescription = "We use your location to show you on the map";
				INFOPLIST_KEY_UIApplicationSupportsIndirectInputEvents = YES;
				INFOPLIST_KEY_UILaunchStoryboardName = LaunchScreen;
				INFOPLIST_KEY_UIMainStoryboardFile = Main;
				INFOPLIST_KEY_UISupportedInterfaceOrientations_iPad = "UIInterfaceOrientationPortrait UIInterfaceOrientationPortraitUpsideDown UIInterfaceOrientationLandscapeLeft UIInterfaceOrientationLandscapeRight";
				INFOPLIST_KEY_UISupportedInterfaceOrientations_iPhone = "UIInterfaceOrientationPortrait UIInterfaceOrientationLandscapeLeft UIInterfaceOrientationLandscapeRight";
				LD_RUNPATH_SEARCH_PATHS = (
					"$(inherited)",
					"@executable_path/Frameworks",
				);
				MARKETING_VERSION = 1.0;
				PRODUCT_BUNDLE_IDENTIFIER = "com.Dymytrov.Find-lost-pods";
				PRODUCT_NAME = "$(TARGET_NAME)";
				SWIFT_EMIT_LOC_STRINGS = YES;
				SWIFT_VERSION = 5.0;
				TARGETED_DEVICE_FAMILY = "1,2";
			};
			name = Release;
		};
		8B859E052C2D3BDA00D61B3F /* Debug */ = {
			isa = XCBuildConfiguration;
			buildSettings = {
				BUNDLE_LOADER = "$(TEST_HOST)";
				CODE_SIGN_STYLE = Automatic;
				CURRENT_PROJECT_VERSION = 1;
				GENERATE_INFOPLIST_FILE = YES;
				IPHONEOS_DEPLOYMENT_TARGET = 18.0;
				MARKETING_VERSION = 1.0;
				PRODUCT_BUNDLE_IDENTIFIER = "com.Dymytrov.Find-lost-podsTests";
				PRODUCT_NAME = "$(TARGET_NAME)";
				SWIFT_EMIT_LOC_STRINGS = NO;
				SWIFT_VERSION = 5.0;
				TARGETED_DEVICE_FAMILY = "1,2";
				TEST_HOST = "$(BUILT_PRODUCTS_DIR)/Find-lost-pods.app/$(BUNDLE_EXECUTABLE_FOLDER_PATH)/Find-lost-pods";
			};
			name = Debug;
		};
		8B859E062C2D3BDA00D61B3F /* Release */ = {
			isa = XCBuildConfiguration;
			buildSettings = {
				BUNDLE_LOADER = "$(TEST_HOST)";
				CODE_SIGN_STYLE = Automatic;
				CURRENT_PROJECT_VERSION = 1;
				GENERATE_INFOPLIST_FILE = YES;
				IPHONEOS_DEPLOYMENT_TARGET = 18.0;
				MARKETING_VERSION = 1.0;
				PRODUCT_BUNDLE_IDENTIFIER = "com.Dymytrov.Find-lost-podsTests";
				PRODUCT_NAME = "$(TARGET_NAME)";
				SWIFT_EMIT_LOC_STRINGS = NO;
				SWIFT_VERSION = 5.0;
				TARGETED_DEVICE_FAMILY = "1,2";
				TEST_HOST = "$(BUILT_PRODUCTS_DIR)/Find-lost-pods.app/$(BUNDLE_EXECUTABLE_FOLDER_PATH)/Find-lost-pods";
			};
			name = Release;
		};
		8B859E082C2D3BDA00D61B3F /* Debug */ = {
			isa = XCBuildConfiguration;
			buildSettings = {
				CODE_SIGN_STYLE = Automatic;
				CURRENT_PROJECT_VERSION = 1;
				GENERATE_INFOPLIST_FILE = YES;
				MARKETING_VERSION = 1.0;
				PRODUCT_BUNDLE_IDENTIFIER = "com.Dymytrov.Find-lost-podsUITests";
				PRODUCT_NAME = "$(TARGET_NAME)";
				SWIFT_EMIT_LOC_STRINGS = NO;
				SWIFT_VERSION = 5.0;
				TARGETED_DEVICE_FAMILY = "1,2";
				TEST_TARGET_NAME = "Find-lost-pods";
			};
			name = Debug;
		};
		8B859E092C2D3BDA00D61B3F /* Release */ = {
			isa = XCBuildConfiguration;
			buildSettings = {
				CODE_SIGN_STYLE = Automatic;
				CURRENT_PROJECT_VERSION = 1;
				GENERATE_INFOPLIST_FILE = YES;
				MARKETING_VERSION = 1.0;
				PRODUCT_BUNDLE_IDENTIFIER = "com.Dymytrov.Find-lost-podsUITests";
				PRODUCT_NAME = "$(TARGET_NAME)";
				SWIFT_EMIT_LOC_STRINGS = NO;
				SWIFT_VERSION = 5.0;
				TARGETED_DEVICE_FAMILY = "1,2";
				TEST_TARGET_NAME = "Find-lost-pods";
			};
			name = Release;
		};
/* End XCBuildConfiguration section */

/* Begin XCConfigurationList section */
		8B859DD22C2D3BD900D61B3F /* Build configuration list for PBXProject "Find-lost-pods" */ = {
			isa = XCConfigurationList;
			buildConfigurations = (
				8B859DFF2C2D3BDA00D61B3F /* Debug */,
				8B859E002C2D3BDA00D61B3F /* Release */,
			);
			defaultConfigurationIsVisible = 0;
			defaultConfigurationName = Release;
		};
		8B859E012C2D3BDA00D61B3F /* Build configuration list for PBXNativeTarget "Find-lost-pods" */ = {
			isa = XCConfigurationList;
			buildConfigurations = (
				8B859E022C2D3BDA00D61B3F /* Debug */,
				8B859E032C2D3BDA00D61B3F /* Release */,
			);
			defaultConfigurationIsVisible = 0;
			defaultConfigurationName = Release;
		};
		8B859E042C2D3BDA00D61B3F /* Build configuration list for PBXNativeTarget "Find-lost-podsTests" */ = {
			isa = XCConfigurationList;
			buildConfigurations = (
				8B859E052C2D3BDA00D61B3F /* Debug */,
				8B859E062C2D3BDA00D61B3F /* Release */,
			);
			defaultConfigurationIsVisible = 0;
			defaultConfigurationName = Release;
		};
		8B859E072C2D3BDA00D61B3F /* Build configuration list for PBXNativeTarget "Find-lost-podsUITests" */ = {
			isa = XCConfigurationList;
			buildConfigurations = (
				8B859E082C2D3BDA00D61B3F /* Debug */,
				8B859E092C2D3BDA00D61B3F /* Release */,
			);
			defaultConfigurationIsVisible = 0;
			defaultConfigurationName = Release;
		};
/* End XCConfigurationList section */
	};
	rootObject = 8B859DCF2C2D3BD900D61B3F /* Project object */;
}
